{
  "name": "solana",
  "version": "1.0.0",
  "lockfileVersion": 1,
  "requires": true,
  "dependencies": {
    "@babel/runtime": {
      "version": "7.16.7",
      "resolved": "https://pkgs.dev.azure.com/Next-Ecommerce/_packaging/Next-Ecommerce/npm/registry/@babel/runtime/-/runtime-7.16.7.tgz",
      "integrity": "sha1-A/+Z9kEGWIycQDxuy4w7r7vf8fo=",
      "requires": {
        "regenerator-runtime": "^0.13.4"
      }
    },
    "@ethersproject/bytes": {
      "version": "5.5.0",
      "resolved": "https://pkgs.dev.azure.com/Next-Ecommerce/_packaging/Next-Ecommerce/npm/registry/@ethersproject/bytes/-/bytes-5.5.0.tgz",
      "integrity": "sha1-yxHFJt5lfntF0uDwJG+zudKaYBw=",
      "requires": {
        "@ethersproject/logger": "^5.5.0"
      }
    },
    "@ethersproject/logger": {
      "version": "5.5.0",
      "resolved": "https://pkgs.dev.azure.com/Next-Ecommerce/_packaging/Next-Ecommerce/npm/registry/@ethersproject/logger/-/logger-5.5.0.tgz",
      "integrity": "sha1-DCyuvv+Y4Qrvpa7yfXRBx/0Yz10="
    },
    "@ethersproject/sha2": {
      "version": "5.5.0",
      "resolved": "https://pkgs.dev.azure.com/Next-Ecommerce/_packaging/Next-Ecommerce/npm/registry/@ethersproject/sha2/-/sha2-5.5.0.tgz",
      "integrity": "sha1-pAoFTGH5j9nu6Zryw8xv9X7CTbc=",
      "requires": {
        "@ethersproject/bytes": "^5.5.0",
        "@ethersproject/logger": "^5.5.0",
        "hash.js": "1.1.7"
      }
    },
    "@solana/buffer-layout": {
      "version": "3.0.0",
      "resolved": "https://pkgs.dev.azure.com/Next-Ecommerce/_packaging/Next-Ecommerce/npm/registry/@solana/buffer-layout/-/buffer-layout-3.0.0.tgz",
      "integrity": "sha1-uTU8rrmhWJy3ehsUW8sampMRQyY=",
      "requires": {
        "buffer": "~6.0.3"
      },
      "dependencies": {
        "buffer": {
          "version": "6.0.3",
          "resolved": "https://pkgs.dev.azure.com/Next-Ecommerce/_packaging/Next-Ecommerce/npm/registry/buffer/-/buffer-6.0.3.tgz",
          "integrity": "sha1-Ks5XhFnMj74qcKqo9S7mO2p0xsY=",
          "requires": {
            "base64-js": "^1.3.1",
            "ieee754": "^1.2.1"
          }
        }
      }
    },
    "@solana/web3.js": {
      "version": "1.31.0",
      "resolved": "https://pkgs.dev.azure.com/Next-Ecommerce/_packaging/Next-Ecommerce/npm/registry/@solana/web3.js/-/web3.js-1.31.0.tgz",
      "integrity": "sha1-ejE9TBqQt38n3b/oRaENaIPgZFI=",
      "requires": {
        "@babel/runtime": "^7.12.5",
        "@ethersproject/sha2": "^5.5.0",
        "@solana/buffer-layout": "^3.0.0",
        "bn.js": "^5.0.0",
        "borsh": "^0.4.0",
        "bs58": "^4.0.1",
        "buffer": "6.0.1",
        "cross-fetch": "^3.1.4",
        "jayson": "^3.4.4",
        "js-sha3": "^0.8.0",
        "rpc-websockets": "^7.4.2",
        "secp256k1": "^4.0.2",
        "superstruct": "^0.14.2",
        "tweetnacl": "^1.0.0"
      }
    },
    "@types/bn.js": {
      "version": "4.11.6",
      "resolved": "https://pkgs.dev.azure.com/Next-Ecommerce/_packaging/Next-Ecommerce/npm/registry/@types/bn.js/-/bn.js-4.11.6.tgz",
      "integrity": "sha1-wwbHDZNYquozzU7aCSp0K5UFlnw=",
      "requires": {
        "@types/node": "*"
      }
    },
    "@types/connect": {
      "version": "3.4.35",
      "resolved": "https://pkgs.dev.azure.com/Next-Ecommerce/_packaging/Next-Ecommerce/npm/registry/@types/connect/-/connect-3.4.35.tgz",
      "integrity": "sha1-X89q5EXkAh0fwiGaSHPMc6O7KtE=",
      "requires": {
        "@types/node": "*"
      }
    },
    "@types/express-serve-static-core": {
      "version": "4.17.28",
      "resolved": "https://pkgs.dev.azure.com/Next-Ecommerce/_packaging/Next-Ecommerce/npm/registry/@types/express-serve-static-core/-/express-serve-static-core-4.17.28.tgz",
      "integrity": "sha1-xH3vnzTsgdxjKNCxtTA9HsmNhrg=",
      "requires": {
        "@types/node": "*",
        "@types/qs": "*",
        "@types/range-parser": "*"
      }
    },
    "@types/lodash": {
      "version": "4.14.178",
      "resolved": "https://pkgs.dev.azure.com/Next-Ecommerce/_packaging/Next-Ecommerce/npm/registry/@types/lodash/-/lodash-4.14.178.tgz",
      "integrity": "sha1-NB9tIkfbUo1KE927N0vNyAQG9Pg="
    },
    "@types/node": {
      "version": "17.0.8",
      "resolved": "https://pkgs.dev.azure.com/Next-Ecommerce/_packaging/Next-Ecommerce/npm/registry/@types/node/-/node-17.0.8.tgz",
      "integrity": "sha1-UNaAyKinj+MKvmkGRTshrYqwrXs="
    },
    "@types/qs": {
      "version": "6.9.7",
      "resolved": "https://pkgs.dev.azure.com/Next-Ecommerce/_packaging/Next-Ecommerce/npm/registry/@types/qs/-/qs-6.9.7.tgz",
      "integrity": "sha1-Y7t9Bn2xB8weRXwwO8JdUR/r9ss="
    },
    "@types/range-parser": {
      "version": "1.2.4",
      "resolved": "https://pkgs.dev.azure.com/Next-Ecommerce/_packaging/Next-Ecommerce/npm/registry/@types/range-parser/-/range-parser-1.2.4.tgz",
      "integrity": "sha1-zWZ7z90CUhOq+3ylkVqTJZCs3Nw="
    },
    "@types/ws": {
      "version": "7.4.7",
      "resolved": "https://pkgs.dev.azure.com/Next-Ecommerce/_packaging/Next-Ecommerce/npm/registry/@types/ws/-/ws-7.4.7.tgz",
      "integrity": "sha1-98OQo296Bnmqad4tUBMZ9PjZtwI=",
      "requires": {
        "@types/node": "*"
      }
    },
    "JSONStream": {
      "version": "1.3.5",
      "resolved": "https://pkgs.dev.azure.com/Next-Ecommerce/_packaging/Next-Ecommerce/npm/registry/JSONStream/-/JSONStream-1.3.5.tgz",
      "integrity": "sha1-MgjB8I06TZkmGrZPkjArwV4RHKA=",
      "requires": {
        "jsonparse": "^1.2.0",
        "through": ">=2.2.7 <3"
      }
    },
    "base-x": {
      "version": "3.0.9",
      "resolved": "https://pkgs.dev.azure.com/Next-Ecommerce/_packaging/Next-Ecommerce/npm/registry/base-x/-/base-x-3.0.9.tgz",
      "integrity": "sha1-Y0mqq7WFJjMt6fYJleVIpT/iEyA=",
      "requires": {
        "safe-buffer": "^5.0.1"
      }
    },
    "base64-js": {
      "version": "1.5.1",
      "resolved": "https://pkgs.dev.azure.com/Next-Ecommerce/_packaging/Next-Ecommerce/npm/registry/base64-js/-/base64-js-1.5.1.tgz",
      "integrity": "sha1-GxtEAWClv3rUC2UPCVljSBkDkwo="
    },
    "bn.js": {
      "version": "5.2.0",
      "resolved": "https://pkgs.dev.azure.com/Next-Ecommerce/_packaging/Next-Ecommerce/npm/registry/bn.js/-/bn.js-5.2.0.tgz",
      "integrity": "sha1-NYhgZ0OWxpl3canQUfzBtX1K4AI="
    },
    "borsh": {
      "version": "0.4.0",
      "resolved": "https://pkgs.dev.azure.com/Next-Ecommerce/_packaging/Next-Ecommerce/npm/registry/borsh/-/borsh-0.4.0.tgz",
      "integrity": "sha1-ndbe/nQWJ/ExXqwqc99hQh9t258=",
      "requires": {
        "@types/bn.js": "^4.11.5",
        "bn.js": "^5.0.0",
        "bs58": "^4.0.0",
        "text-encoding-utf-8": "^1.0.2"
      }
    },
    "brorand": {
      "version": "1.1.0",
      "resolved": "https://pkgs.dev.azure.com/Next-Ecommerce/_packaging/Next-Ecommerce/npm/registry/brorand/-/brorand-1.1.0.tgz",
      "integrity": "sha1-EsJe/kCkXjwyPrhnWgoM5XsiNx8="
    },
    "bs58": {
      "version": "4.0.1",
      "resolved": "https://pkgs.dev.azure.com/Next-Ecommerce/_packaging/Next-Ecommerce/npm/registry/bs58/-/bs58-4.0.1.tgz",
      "integrity": "sha1-vhYedsNU9veIrkBx9j806MTwpCo=",
      "requires": {
        "base-x": "^3.0.2"
      }
    },
    "buffer": {
      "version": "6.0.1",
      "resolved": "https://pkgs.dev.azure.com/Next-Ecommerce/_packaging/Next-Ecommerce/npm/registry/buffer/-/buffer-6.0.1.tgz",
      "integrity": "sha1-PL6owUY+Wgd54wtm1MiMb/oYKsI=",
      "requires": {
        "base64-js": "^1.3.1",
        "ieee754": "^1.2.1"
      }
    },
    "bufferutil": {
      "version": "4.0.6",
      "resolved": "https://pkgs.dev.azure.com/Next-Ecommerce/_packaging/Next-Ecommerce/npm/registry/bufferutil/-/bufferutil-4.0.6.tgz",
      "integrity": "sha1-69bGfHkioOkC8FPl2L5eyFDkhDM=",
      "optional": true,
      "requires": {
        "node-gyp-build": "^4.3.0"
      }
    },
    "circular-json": {
      "version": "0.5.9",
      "resolved": "https://pkgs.dev.azure.com/Next-Ecommerce/_packaging/Next-Ecommerce/npm/registry/circular-json/-/circular-json-0.5.9.tgz",
      "integrity": "sha1-kydjroj0996teg0JyKUaR0OlOx0="
    },
    "commander": {
      "version": "2.20.3",
      "resolved": "https://pkgs.dev.azure.com/Next-Ecommerce/_packaging/Next-Ecommerce/npm/registry/commander/-/commander-2.20.3.tgz",
      "integrity": "sha1-/UhehMA+tIgcIHIrpIA16FMa6zM="
    },
    "cross-fetch": {
      "version": "3.1.4",
      "resolved": "https://pkgs.dev.azure.com/Next-Ecommerce/_packaging/Next-Ecommerce/npm/registry/cross-fetch/-/cross-fetch-3.1.4.tgz",
      "integrity": "sha1-lyPzo6JHv4uJA586OAqSROj6Lzk=",
      "requires": {
        "node-fetch": "2.6.1"
      }
    },
    "delay": {
      "version": "5.0.0",
      "resolved": "https://pkgs.dev.azure.com/Next-Ecommerce/_packaging/Next-Ecommerce/npm/registry/delay/-/delay-5.0.0.tgz",
      "integrity": "sha1-E3BF7xuW5QcQYN1b5gv5M0Q2vR0="
    },
    "elliptic": {
      "version": "6.5.4",
      "resolved": "https://pkgs.dev.azure.com/Next-Ecommerce/_packaging/Next-Ecommerce/npm/registry/elliptic/-/elliptic-6.5.4.tgz",
      "integrity": "sha1-2jfOvTHnmhNn6UG1ku0fvr1Yq7s=",
      "requires": {
        "bn.js": "^4.11.9",
        "brorand": "^1.1.0",
        "hash.js": "^1.0.0",
        "hmac-drbg": "^1.0.1",
        "inherits": "^2.0.4",
        "minimalistic-assert": "^1.0.1",
        "minimalistic-crypto-utils": "^1.0.1"
      },
      "dependencies": {
        "bn.js": {
          "version": "4.12.0",
          "resolved": "https://pkgs.dev.azure.com/Next-Ecommerce/_packaging/Next-Ecommerce/npm/registry/bn.js/-/bn.js-4.12.0.tgz",
          "integrity": "sha1-d1s/J477uXGO7HNh9IP7Nvu/6og="
        }
      }
    },
    "es6-promise": {
      "version": "4.2.8",
      "resolved": "https://pkgs.dev.azure.com/Next-Ecommerce/_packaging/Next-Ecommerce/npm/registry/es6-promise/-/es6-promise-4.2.8.tgz",
      "integrity": "sha1-TrIVlMlyvEBVPSduUQU5FD21Pgo="
    },
    "es6-promisify": {
      "version": "5.0.0",
      "resolved": "https://pkgs.dev.azure.com/Next-Ecommerce/_packaging/Next-Ecommerce/npm/registry/es6-promisify/-/es6-promisify-5.0.0.tgz",
      "integrity": "sha1-UQnWLz5W6pZ8S2NQWu8IKRyKUgM=",
      "requires": {
        "es6-promise": "^4.0.3"
      }
    },
    "eventemitter3": {
      "version": "4.0.7",
      "resolved": "https://pkgs.dev.azure.com/Next-Ecommerce/_packaging/Next-Ecommerce/npm/registry/eventemitter3/-/eventemitter3-4.0.7.tgz",
      "integrity": "sha1-Lem2j2Uo1WRO9cWVJqG0oHMGFp8="
    },
    "eyes": {
      "version": "0.1.8",
      "resolved": "https://pkgs.dev.azure.com/Next-Ecommerce/_packaging/Next-Ecommerce/npm/registry/eyes/-/eyes-0.1.8.tgz",
      "integrity": "sha1-Ys8SAjTGg3hdkCNIqADvPgzCC8A="
    },
    "hash.js": {
      "version": "1.1.7",
      "resolved": "https://pkgs.dev.azure.com/Next-Ecommerce/_packaging/Next-Ecommerce/npm/registry/hash.js/-/hash.js-1.1.7.tgz",
      "integrity": "sha1-C6vKU46NTuSg+JiNaIZlN6ADz0I=",
      "requires": {
        "inherits": "^2.0.3",
        "minimalistic-assert": "^1.0.1"
      }
    },
    "hmac-drbg": {
      "version": "1.0.1",
      "resolved": "https://pkgs.dev.azure.com/Next-Ecommerce/_packaging/Next-Ecommerce/npm/registry/hmac-drbg/-/hmac-drbg-1.0.1.tgz",
      "integrity": "sha1-0nRXAQJabHdabFRXk+1QL8DGSaE=",
      "requires": {
        "hash.js": "^1.0.3",
        "minimalistic-assert": "^1.0.0",
        "minimalistic-crypto-utils": "^1.0.1"
      }
    },
    "ieee754": {
      "version": "1.2.1",
      "resolved": "https://pkgs.dev.azure.com/Next-Ecommerce/_packaging/Next-Ecommerce/npm/registry/ieee754/-/ieee754-1.2.1.tgz",
      "integrity": "sha1-jrehCmP/8l0VpXsAFYbRd9Gw01I="
    },
    "inherits": {
      "version": "2.0.4",
      "resolved": "https://pkgs.dev.azure.com/Next-Ecommerce/_packaging/Next-Ecommerce/npm/registry/inherits/-/inherits-2.0.4.tgz",
      "integrity": "sha1-D6LGT5MpF8NDOg3tVTY6rjdBa3w="
    },
    "isomorphic-ws": {
      "version": "4.0.1",
      "resolved": "https://pkgs.dev.azure.com/Next-Ecommerce/_packaging/Next-Ecommerce/npm/registry/isomorphic-ws/-/isomorphic-ws-4.0.1.tgz",
      "integrity": "sha1-Vf1M1sXmSR523BJZON2GP1zU8tw="
    },
    "jayson": {
      "version": "3.6.6",
      "resolved": "https://pkgs.dev.azure.com/Next-Ecommerce/_packaging/Next-Ecommerce/npm/registry/jayson/-/jayson-3.6.6.tgz",
      "integrity": "sha1-GJmE9iTjmPgxvSvo6MgOs6v3ZKE=",
      "requires": {
        "@types/connect": "^3.4.33",
        "@types/express-serve-static-core": "^4.17.9",
        "@types/lodash": "^4.14.159",
        "@types/node": "^12.12.54",
        "@types/ws": "^7.4.4",
        "JSONStream": "^1.3.5",
        "commander": "^2.20.3",
        "delay": "^5.0.0",
        "es6-promisify": "^5.0.0",
        "eyes": "^0.1.8",
        "isomorphic-ws": "^4.0.1",
        "json-stringify-safe": "^5.0.1",
        "lodash": "^4.17.20",
        "uuid": "^8.3.2",
        "ws": "^7.4.5"
      },
      "dependencies": {
        "@types/node": {
          "version": "12.20.41",
          "resolved": "https://pkgs.dev.azure.com/Next-Ecommerce/_packaging/Next-Ecommerce/npm/registry/@types/node/-/node-12.20.41.tgz",
          "integrity": "sha1-gddzTFJX2p8ENUvZCEpuu91RmKU="
        }
      }
    },
    "js-sha3": {
      "version": "0.8.0",
      "resolved": "https://pkgs.dev.azure.com/Next-Ecommerce/_packaging/Next-Ecommerce/npm/registry/js-sha3/-/js-sha3-0.8.0.tgz",
      "integrity": "sha1-ubel2nOvrX3t0PjEY5VMveaBiEA="
    },
    "json-stringify-safe": {
      "version": "5.0.1",
      "resolved": "https://pkgs.dev.azure.com/Next-Ecommerce/_packaging/Next-Ecommerce/npm/registry/json-stringify-safe/-/json-stringify-safe-5.0.1.tgz",
      "integrity": "sha1-Epai1Y/UXxmg9s4B1lcB4sc1tus="
    },
    "jsonparse": {
      "version": "1.3.1",
      "resolved": "https://pkgs.dev.azure.com/Next-Ecommerce/_packaging/Next-Ecommerce/npm/registry/jsonparse/-/jsonparse-1.3.1.tgz",
      "integrity": "sha1-P02uSpH6wxX3EGL4UhzCOfE2YoA="
    },
    "lodash": {
      "version": "4.17.21",
      "resolved": "https://pkgs.dev.azure.com/Next-Ecommerce/_packaging/Next-Ecommerce/npm/registry/lodash/-/lodash-4.17.21.tgz",
      "integrity": "sha1-Z5WRxWTDv/quhFTPCz3zcMPWkRw="
    },
    "minimalistic-assert": {
      "version": "1.0.1",
      "resolved": "https://pkgs.dev.azure.com/Next-Ecommerce/_packaging/Next-Ecommerce/npm/registry/minimalistic-assert/-/minimalistic-assert-1.0.1.tgz",
      "integrity": "sha1-LhlN4ERibUoQ5/f7wAznPoPk1cc="
    },
    "minimalistic-crypto-utils": {
      "version": "1.0.1",
      "resolved": "https://pkgs.dev.azure.com/Next-Ecommerce/_packaging/Next-Ecommerce/npm/registry/minimalistic-crypto-utils/-/minimalistic-crypto-utils-1.0.1.tgz",
      "integrity": "sha1-9sAMHAsIIkblxNmd+4x8CDsrWCo="
    },
    "node-addon-api": {
      "version": "2.0.2",
      "resolved": "https://pkgs.dev.azure.com/Next-Ecommerce/_packaging/Next-Ecommerce/npm/registry/node-addon-api/-/node-addon-api-2.0.2.tgz",
      "integrity": "sha1-Qyz6gpYs5JSxMunXKhWyn3H/XTI="
    },
    "node-fetch": {
      "version": "2.6.1",
      "resolved": "https://pkgs.dev.azure.com/Next-Ecommerce/_packaging/Next-Ecommerce/npm/registry/node-fetch/-/node-fetch-2.6.1.tgz",
      "integrity": "sha1-BFvTI2Mfdu0uK1VXM5RBa2OaAFI="
    },
    "node-gyp-build": {
      "version": "4.3.0",
      "resolved": "https://pkgs.dev.azure.com/Next-Ecommerce/_packaging/Next-Ecommerce/npm/registry/node-gyp-build/-/node-gyp-build-4.3.0.tgz",
      "integrity": "sha1-nyVrA+WCYVC+Ocdkv1Hpk5RtcaM="
    },
    "prettier": {
      "version": "2.5.1",
      "resolved": "https://pkgs.dev.azure.com/Next-Ecommerce/_packaging/Next-Ecommerce/npm/registry/prettier/-/prettier-2.5.1.tgz",
      "integrity": "sha1-//dfqdUZxUzw/OMowQF9lFRrxWo="
    },
    "regenerator-runtime": {
      "version": "0.13.9",
      "resolved": "https://pkgs.dev.azure.com/Next-Ecommerce/_packaging/Next-Ecommerce/npm/registry/regenerator-runtime/-/regenerator-runtime-0.13.9.tgz",
      "integrity": "sha1-iSV0Kpj/2QgUmI11Zq0wyjsmO1I="
    },
    "rpc-websockets": {
      "version": "7.4.16",
      "resolved": "https://pkgs.dev.azure.com/Next-Ecommerce/_packaging/Next-Ecommerce/npm/registry/rpc-websockets/-/rpc-websockets-7.4.16.tgz",
      "integrity": "sha1-63Ac3vV31DV7pfUm1Q4l83A5b6w=",
      "requires": {
        "@babel/runtime": "^7.11.2",
        "bufferutil": "^4.0.1",
        "circular-json": "^0.5.9",
        "eventemitter3": "^4.0.7",
        "utf-8-validate": "^5.0.2",
        "uuid": "^8.3.0",
        "ws": "^7.4.5"
      }
    },
    "safe-buffer": {
      "version": "5.2.1",
      "resolved": "https://pkgs.dev.azure.com/Next-Ecommerce/_packaging/Next-Ecommerce/npm/registry/safe-buffer/-/safe-buffer-5.2.1.tgz",
      "integrity": "sha1-Hq+fqb2x/dTsdfWPnNtOa3gn7sY="
    },
    "secp256k1": {
      "version": "4.0.3",
      "resolved": "https://pkgs.dev.azure.com/Next-Ecommerce/_packaging/Next-Ecommerce/npm/registry/secp256k1/-/secp256k1-4.0.3.tgz",
      "integrity": "sha1-xFWezRuNPBgn7S0blBkNac4mcwM=",
      "requires": {
        "elliptic": "^6.5.4",
        "node-addon-api": "^2.0.0",
        "node-gyp-build": "^4.2.0"
      }
    },
    "superstruct": {
      "version": "0.14.2",
      "resolved": "https://pkgs.dev.azure.com/Next-Ecommerce/_packaging/Next-Ecommerce/npm/registry/superstruct/-/superstruct-0.14.2.tgz",
      "integrity": "sha1-DbzfPYNnZYiCjxz17TXNoC9ZAls="
    },
    "text-encoding-utf-8": {
      "version": "1.0.2",
      "resolved": "https://pkgs.dev.azure.com/Next-Ecommerce/_packaging/Next-Ecommerce/npm/registry/text-encoding-utf-8/-/text-encoding-utf-8-1.0.2.tgz",
      "integrity": "sha1-WFtiGXsK5Dfjx7XQryesECHhDRM="
    },
    "through": {
      "version": "2.3.8",
      "resolved": "https://pkgs.dev.azure.com/Next-Ecommerce/_packaging/Next-Ecommerce/npm/registry/through/-/through-2.3.8.tgz",
      "integrity": "sha1-DdTJ/6q8NXlgsbckEV1+Doai4fU="
    },
    "tweetnacl": {
      "version": "1.0.3",
      "resolved": "https://pkgs.dev.azure.com/Next-Ecommerce/_packaging/Next-Ecommerce/npm/registry/tweetnacl/-/tweetnacl-1.0.3.tgz",
      "integrity": "sha1-rAr3FoBFjYpjeNDQ0FCrFAfTVZY="
    },
    "utf-8-validate": {
      "version": "5.0.8",
      "resolved": "https://pkgs.dev.azure.com/Next-Ecommerce/_packaging/Next-Ecommerce/npm/registry/utf-8-validate/-/utf-8-validate-5.0.8.tgz",
      "integrity": "sha1-SnNaYWYduxxZoIaMOX0v4mPxTlg=",
      "optional": true,
      "requires": {
        "node-gyp-build": "^4.3.0"
      }
    },
    "uuid": {
      "version": "8.3.2",
      "resolved": "https://pkgs.dev.azure.com/Next-Ecommerce/_packaging/Next-Ecommerce/npm/registry/uuid/-/uuid-8.3.2.tgz",
      "integrity": "sha1-gNW1ztJxu5r2xEXyGhoExgbO++I="
    },
    "ws": {
      "version": "7.5.6",
      "resolved": "https://pkgs.dev.azure.com/Next-Ecommerce/_packaging/Next-Ecommerce/npm/registry/ws/-/ws-7.5.6.tgz",
      "integrity": "sha1-5Z/FCfsV3ftlSH7pdlxaUd7F/ns="
    }
  }
}
